// !$*UTF8*$!
{
	archiveVersion = 1;
	classes = {
	};
	objectVersion = 55;
	objects = {

/* Begin PBXBuildFile section */
		2637B5D227B4BE5B003CDD20 /* TerrainPickerView.swift in Sources */ = {isa = PBXBuildFile; fileRef = 2637B5D127B4BE5B003CDD20 /* TerrainPickerView.swift */; };
		2637B5D827B4C848003CDD20 /* TerrainSelection.swift in Sources */ = {isa = PBXBuildFile; fileRef = 2637B5D727B4C848003CDD20 /* TerrainSelection.swift */; };
		2637B5DA27B4C9B8003CDD20 /* ChooseLocationView.swift in Sources */ = {isa = PBXBuildFile; fileRef = 2637B5D927B4C9B8003CDD20 /* ChooseLocationView.swift */; };
		2637B5DC27B5755B003CDD20 /* LocationManager.swift in Sources */ = {isa = PBXBuildFile; fileRef = 2637B5DB27B5755B003CDD20 /* LocationManager.swift */; };
		2637B5E127BF1E3F003CDD20 /* GoogleService-Info.plist in Resources */ = {isa = PBXBuildFile; fileRef = 2637B5E027BF1E3F003CDD20 /* GoogleService-Info.plist */; };
		26671E572810BBB200825828 /* MapKit.framework in Frameworks */ = {isa = PBXBuildFile; fileRef = 26671E562810BBB200825828 /* MapKit.framework */; };
		26671E5B2810C45000825828 /* RouteRequest.swift in Sources */ = {isa = PBXBuildFile; fileRef = 26671E5A2810C45000825828 /* RouteRequest.swift */; };
		26671E5D2810C4D800825828 /* ActivityType.swift in Sources */ = {isa = PBXBuildFile; fileRef = 26671E5C2810C4D800825828 /* ActivityType.swift */; };
		26671E5F2810C5E900825828 /* RouteType.swift in Sources */ = {isa = PBXBuildFile; fileRef = 26671E5E2810C5E900825828 /* RouteType.swift */; };
		26671E612810CD4200825828 /* RouteSelectionView.swift in Sources */ = {isa = PBXBuildFile; fileRef = 26671E602810CD4200825828 /* RouteSelectionView.swift */; };
		26800F8727A489920049C2DC /* RunningApp.swift in Sources */ = {isa = PBXBuildFile; fileRef = 26800F8627A489920049C2DC /* RunningApp.swift */; };
		26800F8B27A489960049C2DC /* Assets.xcassets in Resources */ = {isa = PBXBuildFile; fileRef = 26800F8A27A489960049C2DC /* Assets.xcassets */; };
		26800F8E27A489960049C2DC /* Preview Assets.xcassets in Resources */ = {isa = PBXBuildFile; fileRef = 26800F8D27A489960049C2DC /* Preview Assets.xcassets */; };
		26800F9827A489970049C2DC /* RunningAppTests.swift in Sources */ = {isa = PBXBuildFile; fileRef = 26800F9727A489970049C2DC /* RunningAppTests.swift */; };
		26800FA227A489970049C2DC /* RunningAppUITests.swift in Sources */ = {isa = PBXBuildFile; fileRef = 26800FA127A489970049C2DC /* RunningAppUITests.swift */; };
		26800FA427A489970049C2DC /* RunningAppUITestsLaunchTests.swift in Sources */ = {isa = PBXBuildFile; fileRef = 26800FA327A489970049C2DC /* RunningAppUITestsLaunchTests.swift */; };
		26800FB327A4C6B10049C2DC /* HomeView.swift in Sources */ = {isa = PBXBuildFile; fileRef = 26800FB227A4C6B10049C2DC /* HomeView.swift */; };
		26800FB527A4CEE70049C2DC /* MapView.swift in Sources */ = {isa = PBXBuildFile; fileRef = 26800FB427A4CEE70049C2DC /* MapView.swift */; };
		26800FBA27A596910049C2DC /* CreateRouteView.swift in Sources */ = {isa = PBXBuildFile; fileRef = 26800FB927A596910049C2DC /* CreateRouteView.swift */; };
		26800FBC27A597320049C2DC /* Route.swift in Sources */ = {isa = PBXBuildFile; fileRef = 26800FBB27A597320049C2DC /* Route.swift */; };
		26CF0BD628033DE100D2BDD1 /* ActivityTimer.swift in Sources */ = {isa = PBXBuildFile; fileRef = 26CF0BD528033DE100D2BDD1 /* ActivityTimer.swift */; };
		26CF0BDA28036E2500D2BDD1 /* MetricCalculator.swift in Sources */ = {isa = PBXBuildFile; fileRef = 26CF0BD928036E2400D2BDD1 /* MetricCalculator.swift */; };
		26DBCF0A281764980014364E /* RouteView.swift in Sources */ = {isa = PBXBuildFile; fileRef = 26DBCF09281764970014364E /* RouteView.swift */; };
		26DBCF0C281778FC0014364E /* LocationService.swift in Sources */ = {isa = PBXBuildFile; fileRef = 26DBCF0B281778FC0014364E /* LocationService.swift */; };
		26DBCF0E2817816D0014364E /* LocationType.swift in Sources */ = {isa = PBXBuildFile; fileRef = 26DBCF0D2817816D0014364E /* LocationType.swift */; };
		26DC4CF027F7573F00BE0EB4 /* RecordView.swift in Sources */ = {isa = PBXBuildFile; fileRef = 26DC4CEF27F7573F00BE0EB4 /* RecordView.swift */; };
		26DC4CF227F75FAA00BE0EB4 /* RunView.swift in Sources */ = {isa = PBXBuildFile; fileRef = 26DC4CF127F75FAA00BE0EB4 /* RunView.swift */; };
		26DC4CF427F7817800BE0EB4 /* ActivityInfoDisplay.swift in Sources */ = {isa = PBXBuildFile; fileRef = 26DC4CF327F7817800BE0EB4 /* ActivityInfoDisplay.swift */; };
		26F37EE327D1A63100DA8CDC /* SettingsView.swift in Sources */ = {isa = PBXBuildFile; fileRef = 26F37EE227D1A63000DA8CDC /* SettingsView.swift */; };
		26F37EE527DAFC8700DA8CDC /* Settings.swift in Sources */ = {isa = PBXBuildFile; fileRef = 26F37EE427DAFC8700DA8CDC /* Settings.swift */; };
		4F8C6FBB1E5D0AD657EA002D /* Pods_RunningApp_RunningAppUITests.framework in Frameworks */ = {isa = PBXBuildFile; fileRef = DAE2DB0C0DCE8414071E4F9D /* Pods_RunningApp_RunningAppUITests.framework */; };
		EAE9A4C652D33F240D67B2B1 /* Pods_RunningAppTests.framework in Frameworks */ = {isa = PBXBuildFile; fileRef = 50E0B8BDE7F471C8C9318BC4 /* Pods_RunningAppTests.framework */; };
		F51EFB56C5D3A0AA1457651B /* Pods_RunningApp.framework in Frameworks */ = {isa = PBXBuildFile; fileRef = DF02B14673AA04E8129D6EA9 /* Pods_RunningApp.framework */; };
/* End PBXBuildFile section */

/* Begin PBXContainerItemProxy section */
		26800F9427A489970049C2DC /* PBXContainerItemProxy */ = {
			isa = PBXContainerItemProxy;
			containerPortal = 26800F7B27A489920049C2DC /* Project object */;
			proxyType = 1;
			remoteGlobalIDString = 26800F8227A489920049C2DC;
			remoteInfo = RunningApp;
		};
		26800F9E27A489970049C2DC /* PBXContainerItemProxy */ = {
			isa = PBXContainerItemProxy;
			containerPortal = 26800F7B27A489920049C2DC /* Project object */;
			proxyType = 1;
			remoteGlobalIDString = 26800F8227A489920049C2DC;
			remoteInfo = RunningApp;
		};
/* End PBXContainerItemProxy section */

/* Begin PBXFileReference section */
		0766E9063AFE034EF8385C0D /* Pods-RunningApp-RunningAppUITests.release.xcconfig */ = {isa = PBXFileReference; includeInIndex = 1; lastKnownFileType = text.xcconfig; name = "Pods-RunningApp-RunningAppUITests.release.xcconfig"; path = "Target Support Files/Pods-RunningApp-RunningAppUITests/Pods-RunningApp-RunningAppUITests.release.xcconfig"; sourceTree = "<group>"; };
		2414DBE7BD77DD9326977DD3 /* Pods-RunningApp.debug.xcconfig */ = {isa = PBXFileReference; includeInIndex = 1; lastKnownFileType = text.xcconfig; name = "Pods-RunningApp.debug.xcconfig"; path = "Target Support Files/Pods-RunningApp/Pods-RunningApp.debug.xcconfig"; sourceTree = "<group>"; };
		2637B5D127B4BE5B003CDD20 /* TerrainPickerView.swift */ = {isa = PBXFileReference; lastKnownFileType = sourcecode.swift; path = TerrainPickerView.swift; sourceTree = "<group>"; };
		2637B5D727B4C848003CDD20 /* TerrainSelection.swift */ = {isa = PBXFileReference; lastKnownFileType = sourcecode.swift; path = TerrainSelection.swift; sourceTree = "<group>"; };
		2637B5D927B4C9B8003CDD20 /* ChooseLocationView.swift */ = {isa = PBXFileReference; lastKnownFileType = sourcecode.swift; path = ChooseLocationView.swift; sourceTree = "<group>"; };
		2637B5DB27B5755B003CDD20 /* LocationManager.swift */ = {isa = PBXFileReference; lastKnownFileType = sourcecode.swift; path = LocationManager.swift; sourceTree = "<group>"; };
		2637B5E027BF1E3F003CDD20 /* GoogleService-Info.plist */ = {isa = PBXFileReference; fileEncoding = 4; lastKnownFileType = text.plist.xml; name = "GoogleService-Info.plist"; path = "../../../GoogleService-Info.plist"; sourceTree = "<group>"; };
		26671E552810BBB200825828 /* Info.plist */ = {isa = PBXFileReference; lastKnownFileType = text.plist; path = Info.plist; sourceTree = "<group>"; };
		26671E562810BBB200825828 /* MapKit.framework */ = {isa = PBXFileReference; lastKnownFileType = wrapper.framework; name = MapKit.framework; path = System/Library/Frameworks/MapKit.framework; sourceTree = SDKROOT; };
		26671E5A2810C45000825828 /* RouteRequest.swift */ = {isa = PBXFileReference; lastKnownFileType = sourcecode.swift; path = RouteRequest.swift; sourceTree = "<group>"; };
		26671E5C2810C4D800825828 /* ActivityType.swift */ = {isa = PBXFileReference; lastKnownFileType = sourcecode.swift; path = ActivityType.swift; sourceTree = "<group>"; };
		26671E5E2810C5E900825828 /* RouteType.swift */ = {isa = PBXFileReference; lastKnownFileType = sourcecode.swift; path = RouteType.swift; sourceTree = "<group>"; };
		26671E602810CD4200825828 /* RouteSelectionView.swift */ = {isa = PBXFileReference; lastKnownFileType = sourcecode.swift; path = RouteSelectionView.swift; sourceTree = "<group>"; };
		26800F8327A489920049C2DC /* RunningApp.app */ = {isa = PBXFileReference; explicitFileType = wrapper.application; includeInIndex = 0; path = RunningApp.app; sourceTree = BUILT_PRODUCTS_DIR; };
		26800F8627A489920049C2DC /* RunningApp.swift */ = {isa = PBXFileReference; lastKnownFileType = sourcecode.swift; path = RunningApp.swift; sourceTree = "<group>"; };
		26800F8A27A489960049C2DC /* Assets.xcassets */ = {isa = PBXFileReference; lastKnownFileType = folder.assetcatalog; path = Assets.xcassets; sourceTree = "<group>"; };
		26800F8D27A489960049C2DC /* Preview Assets.xcassets */ = {isa = PBXFileReference; lastKnownFileType = folder.assetcatalog; path = "Preview Assets.xcassets"; sourceTree = "<group>"; };
		26800F9327A489970049C2DC /* RunningAppTests.xctest */ = {isa = PBXFileReference; explicitFileType = wrapper.cfbundle; includeInIndex = 0; path = RunningAppTests.xctest; sourceTree = BUILT_PRODUCTS_DIR; };
		26800F9727A489970049C2DC /* RunningAppTests.swift */ = {isa = PBXFileReference; lastKnownFileType = sourcecode.swift; path = RunningAppTests.swift; sourceTree = "<group>"; };
		26800F9D27A489970049C2DC /* RunningAppUITests.xctest */ = {isa = PBXFileReference; explicitFileType = wrapper.cfbundle; includeInIndex = 0; path = RunningAppUITests.xctest; sourceTree = BUILT_PRODUCTS_DIR; };
		26800FA127A489970049C2DC /* RunningAppUITests.swift */ = {isa = PBXFileReference; lastKnownFileType = sourcecode.swift; path = RunningAppUITests.swift; sourceTree = "<group>"; };
		26800FA327A489970049C2DC /* RunningAppUITestsLaunchTests.swift */ = {isa = PBXFileReference; lastKnownFileType = sourcecode.swift; path = RunningAppUITestsLaunchTests.swift; sourceTree = "<group>"; };
		26800FB227A4C6B10049C2DC /* HomeView.swift */ = {isa = PBXFileReference; lastKnownFileType = sourcecode.swift; path = HomeView.swift; sourceTree = "<group>"; };
		26800FB427A4CEE70049C2DC /* MapView.swift */ = {isa = PBXFileReference; lastKnownFileType = sourcecode.swift; path = MapView.swift; sourceTree = "<group>"; };
		26800FB927A596910049C2DC /* CreateRouteView.swift */ = {isa = PBXFileReference; lastKnownFileType = sourcecode.swift; path = CreateRouteView.swift; sourceTree = "<group>"; };
		26800FBB27A597320049C2DC /* Route.swift */ = {isa = PBXFileReference; lastKnownFileType = sourcecode.swift; path = Route.swift; sourceTree = "<group>"; };
		26CF0BD528033DE100D2BDD1 /* ActivityTimer.swift */ = {isa = PBXFileReference; lastKnownFileType = sourcecode.swift; path = ActivityTimer.swift; sourceTree = "<group>"; };
		26CF0BD928036E2400D2BDD1 /* MetricCalculator.swift */ = {isa = PBXFileReference; lastKnownFileType = sourcecode.swift; path = MetricCalculator.swift; sourceTree = "<group>"; };
		26DBCF09281764970014364E /* RouteView.swift */ = {isa = PBXFileReference; lastKnownFileType = sourcecode.swift; path = RouteView.swift; sourceTree = "<group>"; };
		26DBCF0B281778FC0014364E /* LocationService.swift */ = {isa = PBXFileReference; lastKnownFileType = sourcecode.swift; path = LocationService.swift; sourceTree = "<group>"; };
		26DBCF0D2817816D0014364E /* LocationType.swift */ = {isa = PBXFileReference; lastKnownFileType = sourcecode.swift; path = LocationType.swift; sourceTree = "<group>"; };
		26DC4CEF27F7573F00BE0EB4 /* RecordView.swift */ = {isa = PBXFileReference; lastKnownFileType = sourcecode.swift; path = RecordView.swift; sourceTree = "<group>"; };
		26DC4CF127F75FAA00BE0EB4 /* RunView.swift */ = {isa = PBXFileReference; lastKnownFileType = sourcecode.swift; path = RunView.swift; sourceTree = "<group>"; };
		26DC4CF327F7817800BE0EB4 /* ActivityInfoDisplay.swift */ = {isa = PBXFileReference; lastKnownFileType = sourcecode.swift; path = ActivityInfoDisplay.swift; sourceTree = "<group>"; };
		26F37EE227D1A63000DA8CDC /* SettingsView.swift */ = {isa = PBXFileReference; lastKnownFileType = sourcecode.swift; path = SettingsView.swift; sourceTree = "<group>"; };
		26F37EE427DAFC8700DA8CDC /* Settings.swift */ = {isa = PBXFileReference; lastKnownFileType = sourcecode.swift; path = Settings.swift; sourceTree = "<group>"; };
		50E0B8BDE7F471C8C9318BC4 /* Pods_RunningAppTests.framework */ = {isa = PBXFileReference; explicitFileType = wrapper.framework; includeInIndex = 0; path = Pods_RunningAppTests.framework; sourceTree = BUILT_PRODUCTS_DIR; };
		51D2141077601E528C744FB5 /* Pods-RunningApp.release.xcconfig */ = {isa = PBXFileReference; includeInIndex = 1; lastKnownFileType = text.xcconfig; name = "Pods-RunningApp.release.xcconfig"; path = "Target Support Files/Pods-RunningApp/Pods-RunningApp.release.xcconfig"; sourceTree = "<group>"; };
		BEA0C85D6E531AEC9843E5EE /* Pods-RunningAppTests.release.xcconfig */ = {isa = PBXFileReference; includeInIndex = 1; lastKnownFileType = text.xcconfig; name = "Pods-RunningAppTests.release.xcconfig"; path = "Target Support Files/Pods-RunningAppTests/Pods-RunningAppTests.release.xcconfig"; sourceTree = "<group>"; };
		DAE2DB0C0DCE8414071E4F9D /* Pods_RunningApp_RunningAppUITests.framework */ = {isa = PBXFileReference; explicitFileType = wrapper.framework; includeInIndex = 0; path = Pods_RunningApp_RunningAppUITests.framework; sourceTree = BUILT_PRODUCTS_DIR; };
		DF02B14673AA04E8129D6EA9 /* Pods_RunningApp.framework */ = {isa = PBXFileReference; explicitFileType = wrapper.framework; includeInIndex = 0; path = Pods_RunningApp.framework; sourceTree = BUILT_PRODUCTS_DIR; };
		DF18335078560C232287851F /* Pods-RunningAppTests.debug.xcconfig */ = {isa = PBXFileReference; includeInIndex = 1; lastKnownFileType = text.xcconfig; name = "Pods-RunningAppTests.debug.xcconfig"; path = "Target Support Files/Pods-RunningAppTests/Pods-RunningAppTests.debug.xcconfig"; sourceTree = "<group>"; };
		EA08E20486B82B93556838FE /* Pods-RunningApp-RunningAppUITests.debug.xcconfig */ = {isa = PBXFileReference; includeInIndex = 1; lastKnownFileType = text.xcconfig; name = "Pods-RunningApp-RunningAppUITests.debug.xcconfig"; path = "Target Support Files/Pods-RunningApp-RunningAppUITests/Pods-RunningApp-RunningAppUITests.debug.xcconfig"; sourceTree = "<group>"; };
/* End PBXFileReference section */

/* Begin PBXFrameworksBuildPhase section */
		26800F8027A489920049C2DC /* Frameworks */ = {
			isa = PBXFrameworksBuildPhase;
			buildActionMask = 2147483647;
			files = (
				26671E572810BBB200825828 /* MapKit.framework in Frameworks */,
				F51EFB56C5D3A0AA1457651B /* Pods_RunningApp.framework in Frameworks */,
			);
			runOnlyForDeploymentPostprocessing = 0;
		};
		26800F9027A489970049C2DC /* Frameworks */ = {
			isa = PBXFrameworksBuildPhase;
			buildActionMask = 2147483647;
			files = (
				EAE9A4C652D33F240D67B2B1 /* Pods_RunningAppTests.framework in Frameworks */,
			);
			runOnlyForDeploymentPostprocessing = 0;
		};
		26800F9A27A489970049C2DC /* Frameworks */ = {
			isa = PBXFrameworksBuildPhase;
			buildActionMask = 2147483647;
			files = (
				4F8C6FBB1E5D0AD657EA002D /* Pods_RunningApp_RunningAppUITests.framework in Frameworks */,
			);
			runOnlyForDeploymentPostprocessing = 0;
		};
/* End PBXFrameworksBuildPhase section */

/* Begin PBXGroup section */
		1583818EF605EBED3B5BCB07 /* Frameworks */ = {
			isa = PBXGroup;
			children = (
				26671E562810BBB200825828 /* MapKit.framework */,
				DF02B14673AA04E8129D6EA9 /* Pods_RunningApp.framework */,
				DAE2DB0C0DCE8414071E4F9D /* Pods_RunningApp_RunningAppUITests.framework */,
				50E0B8BDE7F471C8C9318BC4 /* Pods_RunningAppTests.framework */,
			);
			name = Frameworks;
			sourceTree = "<group>";
		};
		26671E632810CE9C00825828 /* Settings */ = {
			isa = PBXGroup;
			children = (
				26F37EE427DAFC8700DA8CDC /* Settings.swift */,
				26F37EE227D1A63000DA8CDC /* SettingsView.swift */,
			);
			path = Settings;
			sourceTree = "<group>";
		};
		26671E642810CED800825828 /* Main Views */ = {
			isa = PBXGroup;
			children = (
				26800FB227A4C6B10049C2DC /* HomeView.swift */,
				2637B5D927B4C9B8003CDD20 /* ChooseLocationView.swift */,
				26671E602810CD4200825828 /* RouteSelectionView.swift */,
				26DC4CF127F75FAA00BE0EB4 /* RunView.swift */,
				26DC4CEF27F7573F00BE0EB4 /* RecordView.swift */,
				26800FB927A596910049C2DC /* CreateRouteView.swift */,
			);
			path = "Main Views";
			sourceTree = "<group>";
		};
		26671E652810CF1B00825828 /* Terrain */ = {
			isa = PBXGroup;
			children = (
				2637B5D127B4BE5B003CDD20 /* TerrainPickerView.swift */,
				2637B5D727B4C848003CDD20 /* TerrainSelection.swift */,
			);
			path = Terrain;
			sourceTree = "<group>";
		};
		26671E662810CF7300825828 /* Calculators */ = {
			isa = PBXGroup;
			children = (
				26CF0BD928036E2400D2BDD1 /* MetricCalculator.swift */,
			);
			path = Calculators;
			sourceTree = "<group>";
		};
		26671E672810CF9C00825828 /* Routes */ = {
			isa = PBXGroup;
			children = (
				26800FBB27A597320049C2DC /* Route.swift */,
				26671E5A2810C45000825828 /* RouteRequest.swift */,
				26671E5E2810C5E900825828 /* RouteType.swift */,
			);
			path = Routes;
			sourceTree = "<group>";
		};
		26671E682810D00400825828 /* Activity */ = {
			isa = PBXGroup;
			children = (
				26CF0BD528033DE100D2BDD1 /* ActivityTimer.swift */,
				26671E5C2810C4D800825828 /* ActivityType.swift */,
				26DC4CF327F7817800BE0EB4 /* ActivityInfoDisplay.swift */,
			);
			path = Activity;
			sourceTree = "<group>";
		};
		26800F7A27A489920049C2DC = {
			isa = PBXGroup;
			children = (
				26800F8527A489920049C2DC /* RunningApp */,
				26800F9627A489970049C2DC /* RunningAppTests */,
				26800FA027A489970049C2DC /* RunningAppUITests */,
				26800F8427A489920049C2DC /* Products */,
				81ED4D9ADB24B06D556208E1 /* Pods */,
				1583818EF605EBED3B5BCB07 /* Frameworks */,
			);
			sourceTree = "<group>";
		};
		26800F8427A489920049C2DC /* Products */ = {
			isa = PBXGroup;
			children = (
				26800F8327A489920049C2DC /* RunningApp.app */,
				26800F9327A489970049C2DC /* RunningAppTests.xctest */,
				26800F9D27A489970049C2DC /* RunningAppUITests.xctest */,
			);
			name = Products;
			sourceTree = "<group>";
		};
		26800F8527A489920049C2DC /* RunningApp */ = {
			isa = PBXGroup;
			children = (
				2637B5E027BF1E3F003CDD20 /* GoogleService-Info.plist */,
				26671E552810BBB200825828 /* Info.plist */,
				26800F8627A489920049C2DC /* RunningApp.swift */,
				26800F8A27A489960049C2DC /* Assets.xcassets */,
				26671E682810D00400825828 /* Activity */,
				26671E662810CF7300825828 /* Calculators */,
				26671E642810CED800825828 /* Main Views */,
				26800FB627A4CFB30049C2DC /* Location */,
				26800F8C27A489960049C2DC /* Preview Content */,
				26671E672810CF9C00825828 /* Routes */,
				26671E632810CE9C00825828 /* Settings */,
				26671E652810CF1B00825828 /* Terrain */,
			);
			path = RunningApp;
			sourceTree = "<group>";
		};
		26800F8C27A489960049C2DC /* Preview Content */ = {
			isa = PBXGroup;
			children = (
				26800F8D27A489960049C2DC /* Preview Assets.xcassets */,
			);
			path = "Preview Content";
			sourceTree = "<group>";
		};
		26800F9627A489970049C2DC /* RunningAppTests */ = {
			isa = PBXGroup;
			children = (
				26800F9727A489970049C2DC /* RunningAppTests.swift */,
			);
			path = RunningAppTests;
			sourceTree = "<group>";
		};
		26800FA027A489970049C2DC /* RunningAppUITests */ = {
			isa = PBXGroup;
			children = (
				26800FA127A489970049C2DC /* RunningAppUITests.swift */,
				26800FA327A489970049C2DC /* RunningAppUITestsLaunchTests.swift */,
			);
			path = RunningAppUITests;
			sourceTree = "<group>";
		};
		26800FB627A4CFB30049C2DC /* Location */ = {
			isa = PBXGroup;
			children = (
				2637B5DB27B5755B003CDD20 /* LocationManager.swift */,
				26800FB427A4CEE70049C2DC /* MapView.swift */,
				26DBCF09281764970014364E /* RouteView.swift */,
				26DBCF0B281778FC0014364E /* LocationService.swift */,
				26DBCF0D2817816D0014364E /* LocationType.swift */,
			);
			path = Location;
			sourceTree = "<group>";
		};
		81ED4D9ADB24B06D556208E1 /* Pods */ = {
			isa = PBXGroup;
			children = (
				2414DBE7BD77DD9326977DD3 /* Pods-RunningApp.debug.xcconfig */,
				51D2141077601E528C744FB5 /* Pods-RunningApp.release.xcconfig */,
				EA08E20486B82B93556838FE /* Pods-RunningApp-RunningAppUITests.debug.xcconfig */,
				0766E9063AFE034EF8385C0D /* Pods-RunningApp-RunningAppUITests.release.xcconfig */,
				DF18335078560C232287851F /* Pods-RunningAppTests.debug.xcconfig */,
				BEA0C85D6E531AEC9843E5EE /* Pods-RunningAppTests.release.xcconfig */,
			);
			path = Pods;
			sourceTree = "<group>";
		};
/* End PBXGroup section */

/* Begin PBXNativeTarget section */
		26800F8227A489920049C2DC /* RunningApp */ = {
			isa = PBXNativeTarget;
			buildConfigurationList = 26800FA727A489970049C2DC /* Build configuration list for PBXNativeTarget "RunningApp" */;
			buildPhases = (
				9037FE05CF7901684BC88547 /* [CP] Check Pods Manifest.lock */,
				26800F7F27A489920049C2DC /* Sources */,
				26800F8027A489920049C2DC /* Frameworks */,
				26800F8127A489920049C2DC /* Resources */,
				85FA61EDF966DEBB0846E7E6 /* [CP] Embed Pods Frameworks */,
			);
			buildRules = (
			);
			dependencies = (
			);
			name = RunningApp;
			packageProductDependencies = (
			);
			productName = RunningApp;
			productReference = 26800F8327A489920049C2DC /* RunningApp.app */;
			productType = "com.apple.product-type.application";
		};
		26800F9227A489970049C2DC /* RunningAppTests */ = {
			isa = PBXNativeTarget;
			buildConfigurationList = 26800FAA27A489970049C2DC /* Build configuration list for PBXNativeTarget "RunningAppTests" */;
			buildPhases = (
				D40B37F9D8CE349C89231C96 /* [CP] Check Pods Manifest.lock */,
				26800F8F27A489970049C2DC /* Sources */,
				26800F9027A489970049C2DC /* Frameworks */,
				26800F9127A489970049C2DC /* Resources */,
			);
			buildRules = (
			);
			dependencies = (
				26800F9527A489970049C2DC /* PBXTargetDependency */,
			);
			name = RunningAppTests;
			productName = RunningAppTests;
			productReference = 26800F9327A489970049C2DC /* RunningAppTests.xctest */;
			productType = "com.apple.product-type.bundle.unit-test";
		};
		26800F9C27A489970049C2DC /* RunningAppUITests */ = {
			isa = PBXNativeTarget;
			buildConfigurationList = 26800FAD27A489970049C2DC /* Build configuration list for PBXNativeTarget "RunningAppUITests" */;
			buildPhases = (
				9A9D6B23A88FCF13DBCB9265 /* [CP] Check Pods Manifest.lock */,
				26800F9927A489970049C2DC /* Sources */,
				26800F9A27A489970049C2DC /* Frameworks */,
				26800F9B27A489970049C2DC /* Resources */,
				9D4A6E51476EB2489A7FE483 /* [CP] Embed Pods Frameworks */,
			);
			buildRules = (
			);
			dependencies = (
				26800F9F27A489970049C2DC /* PBXTargetDependency */,
			);
			name = RunningAppUITests;
			productName = RunningAppUITests;
			productReference = 26800F9D27A489970049C2DC /* RunningAppUITests.xctest */;
			productType = "com.apple.product-type.bundle.ui-testing";
		};
/* End PBXNativeTarget section */

/* Begin PBXProject section */
		26800F7B27A489920049C2DC /* Project object */ = {
			isa = PBXProject;
			attributes = {
				BuildIndependentTargetsInParallel = 1;
				LastSwiftUpdateCheck = 1320;
				LastUpgradeCheck = 1320;
				TargetAttributes = {
					26800F8227A489920049C2DC = {
						CreatedOnToolsVersion = 13.2.1;
					};
					26800F9227A489970049C2DC = {
						CreatedOnToolsVersion = 13.2.1;
						TestTargetID = 26800F8227A489920049C2DC;
					};
					26800F9C27A489970049C2DC = {
						CreatedOnToolsVersion = 13.2.1;
						TestTargetID = 26800F8227A489920049C2DC;
					};
				};
			};
			buildConfigurationList = 26800F7E27A489920049C2DC /* Build configuration list for PBXProject "RunningApp" */;
			compatibilityVersion = "Xcode 13.0";
			developmentRegion = en;
			hasScannedForEncodings = 0;
			knownRegions = (
				en,
				Base,
			);
			mainGroup = 26800F7A27A489920049C2DC;
			packageReferences = (
				2637B5E227BF2098003CDD20 /* XCRemoteSwiftPackageReference "firebase-ios-sdk" */,
			);
			productRefGroup = 26800F8427A489920049C2DC /* Products */;
			projectDirPath = "";
			projectRoot = "";
			targets = (
				26800F8227A489920049C2DC /* RunningApp */,
				26800F9227A489970049C2DC /* RunningAppTests */,
				26800F9C27A489970049C2DC /* RunningAppUITests */,
			);
		};
/* End PBXProject section */

/* Begin PBXResourcesBuildPhase section */
		26800F8127A489920049C2DC /* Resources */ = {
			isa = PBXResourcesBuildPhase;
			buildActionMask = 2147483647;
			files = (
				26800F8E27A489960049C2DC /* Preview Assets.xcassets in Resources */,
				26800F8B27A489960049C2DC /* Assets.xcassets in Resources */,
				2637B5E127BF1E3F003CDD20 /* GoogleService-Info.plist in Resources */,
			);
			runOnlyForDeploymentPostprocessing = 0;
		};
		26800F9127A489970049C2DC /* Resources */ = {
			isa = PBXResourcesBuildPhase;
			buildActionMask = 2147483647;
			files = (
			);
			runOnlyForDeploymentPostprocessing = 0;
		};
		26800F9B27A489970049C2DC /* Resources */ = {
			isa = PBXResourcesBuildPhase;
			buildActionMask = 2147483647;
			files = (
			);
			runOnlyForDeploymentPostprocessing = 0;
		};
/* End PBXResourcesBuildPhase section */

/* Begin PBXShellScriptBuildPhase section */
		85FA61EDF966DEBB0846E7E6 /* [CP] Embed Pods Frameworks */ = {
			isa = PBXShellScriptBuildPhase;
			buildActionMask = 2147483647;
			files = (
			);
			inputFileListPaths = (
				"${PODS_ROOT}/Target Support Files/Pods-RunningApp/Pods-RunningApp-frameworks-${CONFIGURATION}-input-files.xcfilelist",
			);
			name = "[CP] Embed Pods Frameworks";
			outputFileListPaths = (
				"${PODS_ROOT}/Target Support Files/Pods-RunningApp/Pods-RunningApp-frameworks-${CONFIGURATION}-output-files.xcfilelist",
			);
			runOnlyForDeploymentPostprocessing = 0;
			shellPath = /bin/sh;
			shellScript = "\"${PODS_ROOT}/Target Support Files/Pods-RunningApp/Pods-RunningApp-frameworks.sh\"\n";
			showEnvVarsInLog = 0;
		};
		9037FE05CF7901684BC88547 /* [CP] Check Pods Manifest.lock */ = {
			isa = PBXShellScriptBuildPhase;
			buildActionMask = 2147483647;
			files = (
			);
			inputFileListPaths = (
			);
			inputPaths = (
				"${PODS_PODFILE_DIR_PATH}/Podfile.lock",
				"${PODS_ROOT}/Manifest.lock",
			);
			name = "[CP] Check Pods Manifest.lock";
			outputFileListPaths = (
			);
			outputPaths = (
				"$(DERIVED_FILE_DIR)/Pods-RunningApp-checkManifestLockResult.txt",
			);
			runOnlyForDeploymentPostprocessing = 0;
			shellPath = /bin/sh;
			shellScript = "diff \"${PODS_PODFILE_DIR_PATH}/Podfile.lock\" \"${PODS_ROOT}/Manifest.lock\" > /dev/null\nif [ $? != 0 ] ; then\n    # print error to STDERR\n    echo \"error: The sandbox is not in sync with the Podfile.lock. Run 'pod install' or update your CocoaPods installation.\" >&2\n    exit 1\nfi\n# This output is used by Xcode 'outputs' to avoid re-running this script phase.\necho \"SUCCESS\" > \"${SCRIPT_OUTPUT_FILE_0}\"\n";
			showEnvVarsInLog = 0;
		};
		9A9D6B23A88FCF13DBCB9265 /* [CP] Check Pods Manifest.lock */ = {
			isa = PBXShellScriptBuildPhase;
			buildActionMask = 2147483647;
			files = (
			);
			inputFileListPaths = (
			);
			inputPaths = (
				"${PODS_PODFILE_DIR_PATH}/Podfile.lock",
				"${PODS_ROOT}/Manifest.lock",
			);
			name = "[CP] Check Pods Manifest.lock";
			outputFileListPaths = (
			);
			outputPaths = (
				"$(DERIVED_FILE_DIR)/Pods-RunningApp-RunningAppUITests-checkManifestLockResult.txt",
			);
			runOnlyForDeploymentPostprocessing = 0;
			shellPath = /bin/sh;
			shellScript = "diff \"${PODS_PODFILE_DIR_PATH}/Podfile.lock\" \"${PODS_ROOT}/Manifest.lock\" > /dev/null\nif [ $? != 0 ] ; then\n    # print error to STDERR\n    echo \"error: The sandbox is not in sync with the Podfile.lock. Run 'pod install' or update your CocoaPods installation.\" >&2\n    exit 1\nfi\n# This output is used by Xcode 'outputs' to avoid re-running this script phase.\necho \"SUCCESS\" > \"${SCRIPT_OUTPUT_FILE_0}\"\n";
			showEnvVarsInLog = 0;
		};
		9D4A6E51476EB2489A7FE483 /* [CP] Embed Pods Frameworks */ = {
			isa = PBXShellScriptBuildPhase;
			buildActionMask = 2147483647;
			files = (
			);
			inputFileListPaths = (
				"${PODS_ROOT}/Target Support Files/Pods-RunningApp-RunningAppUITests/Pods-RunningApp-RunningAppUITests-frameworks-${CONFIGURATION}-input-files.xcfilelist",
			);
			name = "[CP] Embed Pods Frameworks";
			outputFileListPaths = (
				"${PODS_ROOT}/Target Support Files/Pods-RunningApp-RunningAppUITests/Pods-RunningApp-RunningAppUITests-frameworks-${CONFIGURATION}-output-files.xcfilelist",
			);
			runOnlyForDeploymentPostprocessing = 0;
			shellPath = /bin/sh;
			shellScript = "\"${PODS_ROOT}/Target Support Files/Pods-RunningApp-RunningAppUITests/Pods-RunningApp-RunningAppUITests-frameworks.sh\"\n";
			showEnvVarsInLog = 0;
		};
		D40B37F9D8CE349C89231C96 /* [CP] Check Pods Manifest.lock */ = {
			isa = PBXShellScriptBuildPhase;
			buildActionMask = 2147483647;
			files = (
			);
			inputFileListPaths = (
			);
			inputPaths = (
				"${PODS_PODFILE_DIR_PATH}/Podfile.lock",
				"${PODS_ROOT}/Manifest.lock",
			);
			name = "[CP] Check Pods Manifest.lock";
			outputFileListPaths = (
			);
			outputPaths = (
				"$(DERIVED_FILE_DIR)/Pods-RunningAppTests-checkManifestLockResult.txt",
			);
			runOnlyForDeploymentPostprocessing = 0;
			shellPath = /bin/sh;
			shellScript = "diff \"${PODS_PODFILE_DIR_PATH}/Podfile.lock\" \"${PODS_ROOT}/Manifest.lock\" > /dev/null\nif [ $? != 0 ] ; then\n    # print error to STDERR\n    echo \"error: The sandbox is not in sync with the Podfile.lock. Run 'pod install' or update your CocoaPods installation.\" >&2\n    exit 1\nfi\n# This output is used by Xcode 'outputs' to avoid re-running this script phase.\necho \"SUCCESS\" > \"${SCRIPT_OUTPUT_FILE_0}\"\n";
			showEnvVarsInLog = 0;
		};
/* End PBXShellScriptBuildPhase section */

/* Begin PBXSourcesBuildPhase section */
		26800F7F27A489920049C2DC /* Sources */ = {
			isa = PBXSourcesBuildPhase;
			buildActionMask = 2147483647;
			files = (
				26DBCF0A281764980014364E /* RouteView.swift in Sources */,
				26800FB327A4C6B10049C2DC /* HomeView.swift in Sources */,
				26DC4CF027F7573F00BE0EB4 /* RecordView.swift in Sources */,
				26671E5D2810C4D800825828 /* ActivityType.swift in Sources */,
				26DBCF0E2817816D0014364E /* LocationType.swift in Sources */,
				26800FBA27A596910049C2DC /* CreateRouteView.swift in Sources */,
				26DC4CF227F75FAA00BE0EB4 /* RunView.swift in Sources */,
				26DBCF0C281778FC0014364E /* LocationService.swift in Sources */,
				26CF0BDA28036E2500D2BDD1 /* MetricCalculator.swift in Sources */,
				26671E5F2810C5E900825828 /* RouteType.swift in Sources */,
				2637B5DC27B5755B003CDD20 /* LocationManager.swift in Sources */,
				26DC4CF427F7817800BE0EB4 /* ActivityInfoDisplay.swift in Sources */,
				26800FBC27A597320049C2DC /* Route.swift in Sources */,
				26800FB527A4CEE70049C2DC /* MapView.swift in Sources */,
				26F37EE327D1A63100DA8CDC /* SettingsView.swift in Sources */,
				26671E612810CD4200825828 /* RouteSelectionView.swift in Sources */,
				2637B5D827B4C848003CDD20 /* TerrainSelection.swift in Sources */,
				2637B5DA27B4C9B8003CDD20 /* ChooseLocationView.swift in Sources */,
				26800F8727A489920049C2DC /* RunningApp.swift in Sources */,
				26CF0BD628033DE100D2BDD1 /* ActivityTimer.swift in Sources */,
				26F37EE527DAFC8700DA8CDC /* Settings.swift in Sources */,
				26671E5B2810C45000825828 /* RouteRequest.swift in Sources */,
				2637B5D227B4BE5B003CDD20 /* TerrainPickerView.swift in Sources */,
			);
			runOnlyForDeploymentPostprocessing = 0;
		};
		26800F8F27A489970049C2DC /* Sources */ = {
			isa = PBXSourcesBuildPhase;
			buildActionMask = 2147483647;
			files = (
				26800F9827A489970049C2DC /* RunningAppTests.swift in Sources */,
			);
			runOnlyForDeploymentPostprocessing = 0;
		};
		26800F9927A489970049C2DC /* Sources */ = {
			isa = PBXSourcesBuildPhase;
			buildActionMask = 2147483647;
			files = (
				26800FA427A489970049C2DC /* RunningAppUITestsLaunchTests.swift in Sources */,
				26800FA227A489970049C2DC /* RunningAppUITests.swift in Sources */,
			);
			runOnlyForDeploymentPostprocessing = 0;
		};
/* End PBXSourcesBuildPhase section */

/* Begin PBXTargetDependency section */
		26800F9527A489970049C2DC /* PBXTargetDependency */ = {
			isa = PBXTargetDependency;
			target = 26800F8227A489920049C2DC /* RunningApp */;
			targetProxy = 26800F9427A489970049C2DC /* PBXContainerItemProxy */;
		};
		26800F9F27A489970049C2DC /* PBXTargetDependency */ = {
			isa = PBXTargetDependency;
			target = 26800F8227A489920049C2DC /* RunningApp */;
			targetProxy = 26800F9E27A489970049C2DC /* PBXContainerItemProxy */;
		};
/* End PBXTargetDependency section */

/* Begin XCBuildConfiguration section */
		26800FA527A489970049C2DC /* Debug */ = {
			isa = XCBuildConfiguration;
			buildSettings = {
				ALWAYS_SEARCH_USER_PATHS = NO;
				CLANG_ANALYZER_NONNULL = YES;
				CLANG_ANALYZER_NUMBER_OBJECT_CONVERSION = YES_AGGRESSIVE;
				CLANG_CXX_LANGUAGE_STANDARD = "gnu++17";
				CLANG_CXX_LIBRARY = "libc++";
				CLANG_ENABLE_MODULES = YES;
				CLANG_ENABLE_OBJC_ARC = YES;
				CLANG_ENABLE_OBJC_WEAK = YES;
				CLANG_WARN_BLOCK_CAPTURE_AUTORELEASING = YES;
				CLANG_WARN_BOOL_CONVERSION = YES;
				CLANG_WARN_COMMA = YES;
				CLANG_WARN_CONSTANT_CONVERSION = YES;
				CLANG_WARN_DEPRECATED_OBJC_IMPLEMENTATIONS = YES;
				CLANG_WARN_DIRECT_OBJC_ISA_USAGE = YES_ERROR;
				CLANG_WARN_DOCUMENTATION_COMMENTS = YES;
				CLANG_WARN_EMPTY_BODY = YES;
				CLANG_WARN_ENUM_CONVERSION = YES;
				CLANG_WARN_INFINITE_RECURSION = YES;
				CLANG_WARN_INT_CONVERSION = YES;
				CLANG_WARN_NON_LITERAL_NULL_CONVERSION = YES;
				CLANG_WARN_OBJC_IMPLICIT_RETAIN_SELF = YES;
				CLANG_WARN_OBJC_LITERAL_CONVERSION = YES;
				CLANG_WARN_OBJC_ROOT_CLASS = YES_ERROR;
				CLANG_WARN_QUOTED_INCLUDE_IN_FRAMEWORK_HEADER = YES;
				CLANG_WARN_RANGE_LOOP_ANALYSIS = YES;
				CLANG_WARN_STRICT_PROTOTYPES = YES;
				CLANG_WARN_SUSPICIOUS_MOVE = YES;
				CLANG_WARN_UNGUARDED_AVAILABILITY = YES_AGGRESSIVE;
				CLANG_WARN_UNREACHABLE_CODE = YES;
				CLANG_WARN__DUPLICATE_METHOD_MATCH = YES;
				COPY_PHASE_STRIP = NO;
				DEBUG_INFORMATION_FORMAT = dwarf;
				ENABLE_STRICT_OBJC_MSGSEND = YES;
				ENABLE_TESTABILITY = YES;
				GCC_C_LANGUAGE_STANDARD = gnu11;
				GCC_DYNAMIC_NO_PIC = NO;
				GCC_NO_COMMON_BLOCKS = YES;
				GCC_OPTIMIZATION_LEVEL = 0;
				GCC_PREPROCESSOR_DEFINITIONS = (
					"DEBUG=1",
					"$(inherited)",
				);
				GCC_WARN_64_TO_32_BIT_CONVERSION = YES;
				GCC_WARN_ABOUT_RETURN_TYPE = YES_ERROR;
				GCC_WARN_UNDECLARED_SELECTOR = YES;
				GCC_WARN_UNINITIALIZED_AUTOS = YES_AGGRESSIVE;
				GCC_WARN_UNUSED_FUNCTION = YES;
				GCC_WARN_UNUSED_VARIABLE = YES;
				IPHONEOS_DEPLOYMENT_TARGET = 15.2;
				MTL_ENABLE_DEBUG_INFO = INCLUDE_SOURCE;
				MTL_FAST_MATH = YES;
				ONLY_ACTIVE_ARCH = YES;
				SDKROOT = iphoneos;
				SWIFT_ACTIVE_COMPILATION_CONDITIONS = DEBUG;
				SWIFT_OPTIMIZATION_LEVEL = "-Onone";
			};
			name = Debug;
		};
		26800FA627A489970049C2DC /* Release */ = {
			isa = XCBuildConfiguration;
			buildSettings = {
				ALWAYS_SEARCH_USER_PATHS = NO;
				CLANG_ANALYZER_NONNULL = YES;
				CLANG_ANALYZER_NUMBER_OBJECT_CONVERSION = YES_AGGRESSIVE;
				CLANG_CXX_LANGUAGE_STANDARD = "gnu++17";
				CLANG_CXX_LIBRARY = "libc++";
				CLANG_ENABLE_MODULES = YES;
				CLANG_ENABLE_OBJC_ARC = YES;
				CLANG_ENABLE_OBJC_WEAK = YES;
				CLANG_WARN_BLOCK_CAPTURE_AUTORELEASING = YES;
				CLANG_WARN_BOOL_CONVERSION = YES;
				CLANG_WARN_COMMA = YES;
				CLANG_WARN_CONSTANT_CONVERSION = YES;
				CLANG_WARN_DEPRECATED_OBJC_IMPLEMENTATIONS = YES;
				CLANG_WARN_DIRECT_OBJC_ISA_USAGE = YES_ERROR;
				CLANG_WARN_DOCUMENTATION_COMMENTS = YES;
				CLANG_WARN_EMPTY_BODY = YES;
				CLANG_WARN_ENUM_CONVERSION = YES;
				CLANG_WARN_INFINITE_RECURSION = YES;
				CLANG_WARN_INT_CONVERSION = YES;
				CLANG_WARN_NON_LITERAL_NULL_CONVERSION = YES;
				CLANG_WARN_OBJC_IMPLICIT_RETAIN_SELF = YES;
				CLANG_WARN_OBJC_LITERAL_CONVERSION = YES;
				CLANG_WARN_OBJC_ROOT_CLASS = YES_ERROR;
				CLANG_WARN_QUOTED_INCLUDE_IN_FRAMEWORK_HEADER = YES;
				CLANG_WARN_RANGE_LOOP_ANALYSIS = YES;
				CLANG_WARN_STRICT_PROTOTYPES = YES;
				CLANG_WARN_SUSPICIOUS_MOVE = YES;
				CLANG_WARN_UNGUARDED_AVAILABILITY = YES_AGGRESSIVE;
				CLANG_WARN_UNREACHABLE_CODE = YES;
				CLANG_WARN__DUPLICATE_METHOD_MATCH = YES;
				COPY_PHASE_STRIP = NO;
				DEBUG_INFORMATION_FORMAT = "dwarf-with-dsym";
				ENABLE_NS_ASSERTIONS = NO;
				ENABLE_STRICT_OBJC_MSGSEND = YES;
				GCC_C_LANGUAGE_STANDARD = gnu11;
				GCC_NO_COMMON_BLOCKS = YES;
				GCC_WARN_64_TO_32_BIT_CONVERSION = YES;
				GCC_WARN_ABOUT_RETURN_TYPE = YES_ERROR;
				GCC_WARN_UNDECLARED_SELECTOR = YES;
				GCC_WARN_UNINITIALIZED_AUTOS = YES_AGGRESSIVE;
				GCC_WARN_UNUSED_FUNCTION = YES;
				GCC_WARN_UNUSED_VARIABLE = YES;
				IPHONEOS_DEPLOYMENT_TARGET = 15.2;
				MTL_ENABLE_DEBUG_INFO = NO;
				MTL_FAST_MATH = YES;
				SDKROOT = iphoneos;
				SWIFT_COMPILATION_MODE = wholemodule;
				SWIFT_OPTIMIZATION_LEVEL = "-O";
				VALIDATE_PRODUCT = YES;
			};
			name = Release;
		};
		26800FA827A489970049C2DC /* Debug */ = {
			isa = XCBuildConfiguration;
			baseConfigurationReference = 2414DBE7BD77DD9326977DD3 /* Pods-RunningApp.debug.xcconfig */;
			buildSettings = {
				ASSETCATALOG_COMPILER_APPICON_NAME = AppIcon;
				ASSETCATALOG_COMPILER_GLOBAL_ACCENT_COLOR_NAME = AccentColor;
				CODE_SIGN_STYLE = Automatic;
				CURRENT_PROJECT_VERSION = 1;
				DEVELOPMENT_ASSET_PATHS = "\"RunningApp/Preview Content\"";
				DEVELOPMENT_TEAM = 66J4L3AWL3;
				ENABLE_PREVIEWS = YES;
				GENERATE_INFOPLIST_FILE = YES;
				INFOPLIST_FILE = RunningApp/Info.plist;
				INFOPLIST_KEY_NSLocationWhenInUseUsageDescription = "Allow [Running App Name] access to your location to gain access to location based activities!";
				INFOPLIST_KEY_UIApplicationSceneManifest_Generation = YES;
				INFOPLIST_KEY_UIApplicationSupportsIndirectInputEvents = YES;
				INFOPLIST_KEY_UILaunchScreen_Generation = YES;
				INFOPLIST_KEY_UIRequiredDeviceCapabilities = "location-services gps";
				INFOPLIST_KEY_UISupportedInterfaceOrientations_iPad = "UIInterfaceOrientationPortrait UIInterfaceOrientationPortraitUpsideDown UIInterfaceOrientationLandscapeLeft UIInterfaceOrientationLandscapeRight";
				INFOPLIST_KEY_UISupportedInterfaceOrientations_iPhone = "UIInterfaceOrientationPortrait UIInterfaceOrientationLandscapeLeft UIInterfaceOrientationLandscapeRight";
				LD_RUNPATH_SEARCH_PATHS = (
					"$(inherited)",
					"@executable_path/Frameworks",
				);
				MARKETING_VERSION = 1.0;
				PRODUCT_BUNDLE_IDENTIFIER = com.vanessabeeler.RunningApp;
				PRODUCT_NAME = "$(TARGET_NAME)";
				SWIFT_EMIT_LOC_STRINGS = YES;
				SWIFT_VERSION = 5.0;
				TARGETED_DEVICE_FAMILY = "1,2";
			};
			name = Debug;
		};
		26800FA927A489970049C2DC /* Release */ = {
			isa = XCBuildConfiguration;
			baseConfigurationReference = 51D2141077601E528C744FB5 /* Pods-RunningApp.release.xcconfig */;
			buildSettings = {
				ASSETCATALOG_COMPILER_APPICON_NAME = AppIcon;
				ASSETCATALOG_COMPILER_GLOBAL_ACCENT_COLOR_NAME = AccentColor;
				CODE_SIGN_STYLE = Automatic;
				CURRENT_PROJECT_VERSION = 1;
				DEVELOPMENT_ASSET_PATHS = "\"RunningApp/Preview Content\"";
				DEVELOPMENT_TEAM = 66J4L3AWL3;
				ENABLE_PREVIEWS = YES;
				GENERATE_INFOPLIST_FILE = YES;
				INFOPLIST_FILE = RunningApp/Info.plist;
				INFOPLIST_KEY_NSLocationWhenInUseUsageDescription = "Allow [Running App Name] access to your location to gain access to location based activities!";
				INFOPLIST_KEY_UIApplicationSceneManifest_Generation = YES;
				INFOPLIST_KEY_UIApplicationSupportsIndirectInputEvents = YES;
				INFOPLIST_KEY_UILaunchScreen_Generation = YES;
				INFOPLIST_KEY_UIRequiredDeviceCapabilities = "location-services gps";
				INFOPLIST_KEY_UISupportedInterfaceOrientations_iPad = "UIInterfaceOrientationPortrait UIInterfaceOrientationPortraitUpsideDown UIInterfaceOrientationLandscapeLeft UIInterfaceOrientationLandscapeRight";
				INFOPLIST_KEY_UISupportedInterfaceOrientations_iPhone = "UIInterfaceOrientationPortrait UIInterfaceOrientationLandscapeLeft UIInterfaceOrientationLandscapeRight";
				LD_RUNPATH_SEARCH_PATHS = (
					"$(inherited)",
					"@executable_path/Frameworks",
				);
				MARKETING_VERSION = 1.0;
				PRODUCT_BUNDLE_IDENTIFIER = com.vanessabeeler.RunningApp;
				PRODUCT_NAME = "$(TARGET_NAME)";
				SWIFT_EMIT_LOC_STRINGS = YES;
				SWIFT_VERSION = 5.0;
				TARGETED_DEVICE_FAMILY = "1,2";
			};
			name = Release;
		};
		26800FAB27A489970049C2DC /* Debug */ = {
			isa = XCBuildConfiguration;
			baseConfigurationReference = DF18335078560C232287851F /* Pods-RunningAppTests.debug.xcconfig */;
			buildSettings = {
				ALWAYS_EMBED_SWIFT_STANDARD_LIBRARIES = YES;
				BUNDLE_LOADER = "$(TEST_HOST)";
				CODE_SIGN_STYLE = Automatic;
				CURRENT_PROJECT_VERSION = 1;
				GENERATE_INFOPLIST_FILE = YES;
				IPHONEOS_DEPLOYMENT_TARGET = 15.2;
				MARKETING_VERSION = 1.0;
				PRODUCT_BUNDLE_IDENTIFIER = com.vanessabeeler.RunningAppTests;
				PRODUCT_NAME = "$(TARGET_NAME)";
				SWIFT_EMIT_LOC_STRINGS = NO;
				SWIFT_VERSION = 5.0;
				TARGETED_DEVICE_FAMILY = "1,2";
				TEST_HOST = "$(BUILT_PRODUCTS_DIR)/RunningApp.app/RunningApp";
			};
			name = Debug;
		};
		26800FAC27A489970049C2DC /* Release */ = {
			isa = XCBuildConfiguration;
			baseConfigurationReference = BEA0C85D6E531AEC9843E5EE /* Pods-RunningAppTests.release.xcconfig */;
			buildSettings = {
				ALWAYS_EMBED_SWIFT_STANDARD_LIBRARIES = YES;
				BUNDLE_LOADER = "$(TEST_HOST)";
				CODE_SIGN_STYLE = Automatic;
				CURRENT_PROJECT_VERSION = 1;
				GENERATE_INFOPLIST_FILE = YES;
				IPHONEOS_DEPLOYMENT_TARGET = 15.2;
				MARKETING_VERSION = 1.0;
				PRODUCT_BUNDLE_IDENTIFIER = com.vanessabeeler.RunningAppTests;
				PRODUCT_NAME = "$(TARGET_NAME)";
				SWIFT_EMIT_LOC_STRINGS = NO;
				SWIFT_VERSION = 5.0;
				TARGETED_DEVICE_FAMILY = "1,2";
				TEST_HOST = "$(BUILT_PRODUCTS_DIR)/RunningApp.app/RunningApp";
			};
			name = Release;
		};
		26800FAE27A489970049C2DC /* Debug */ = {
			isa = XCBuildConfiguration;
			baseConfigurationReference = EA08E20486B82B93556838FE /* Pods-RunningApp-RunningAppUITests.debug.xcconfig */;
			buildSettings = {
				ALWAYS_EMBED_SWIFT_STANDARD_LIBRARIES = YES;
				CODE_SIGN_STYLE = Automatic;
				CURRENT_PROJECT_VERSION = 1;
				GENERATE_INFOPLIST_FILE = YES;
				MARKETING_VERSION = 1.0;
				PRODUCT_BUNDLE_IDENTIFIER = com.vanessabeeler.RunningAppUITests;
				PRODUCT_NAME = "$(TARGET_NAME)";
				SWIFT_EMIT_LOC_STRINGS = NO;
				SWIFT_VERSION = 5.0;
				TARGETED_DEVICE_FAMILY = "1,2";
				TEST_TARGET_NAME = RunningApp;
			};
			name = Debug;
		};
		26800FAF27A489970049C2DC /* Release */ = {
			isa = XCBuildConfiguration;
			baseConfigurationReference = 0766E9063AFE034EF8385C0D /* Pods-RunningApp-RunningAppUITests.release.xcconfig */;
			buildSettings = {
				ALWAYS_EMBED_SWIFT_STANDARD_LIBRARIES = YES;
				CODE_SIGN_STYLE = Automatic;
				CURRENT_PROJECT_VERSION = 1;
				GENERATE_INFOPLIST_FILE = YES;
				MARKETING_VERSION = 1.0;
				PRODUCT_BUNDLE_IDENTIFIER = com.vanessabeeler.RunningAppUITests;
				PRODUCT_NAME = "$(TARGET_NAME)";
				SWIFT_EMIT_LOC_STRINGS = NO;
				SWIFT_VERSION = 5.0;
				TARGETED_DEVICE_FAMILY = "1,2";
				TEST_TARGET_NAME = RunningApp;
			};
			name = Release;
		};
/* End XCBuildConfiguration section */

/* Begin XCConfigurationList section */
		26800F7E27A489920049C2DC /* Build configuration list for PBXProject "RunningApp" */ = {
			isa = XCConfigurationList;
			buildConfigurations = (
				26800FA527A489970049C2DC /* Debug */,
				26800FA627A489970049C2DC /* Release */,
			);
			defaultConfigurationIsVisible = 0;
			defaultConfigurationName = Release;
		};
		26800FA727A489970049C2DC /* Build configuration list for PBXNativeTarget "RunningApp" */ = {
			isa = XCConfigurationList;
			buildConfigurations = (
				26800FA827A489970049C2DC /* Debug */,
				26800FA927A489970049C2DC /* Release */,
			);
			defaultConfigurationIsVisible = 0;
			defaultConfigurationName = Release;
		};
		26800FAA27A489970049C2DC /* Build configuration list for PBXNativeTarget "RunningAppTests" */ = {
			isa = XCConfigurationList;
			buildConfigurations = (
				26800FAB27A489970049C2DC /* Debug */,
				26800FAC27A489970049C2DC /* Release */,
			);
			defaultConfigurationIsVisible = 0;
			defaultConfigurationName = Release;
		};
		26800FAD27A489970049C2DC /* Build configuration list for PBXNativeTarget "RunningAppUITests" */ = {
			isa = XCConfigurationList;
			buildConfigurations = (
				26800FAE27A489970049C2DC /* Debug */,
				26800FAF27A489970049C2DC /* Release */,
			);
			defaultConfigurationIsVisible = 0;
			defaultConfigurationName = Release;
		};
/* End XCConfigurationList section */

/* Begin XCRemoteSwiftPackageReference section */
		2637B5E227BF2098003CDD20 /* XCRemoteSwiftPackageReference "firebase-ios-sdk" */ = {
			isa = XCRemoteSwiftPackageReference;
			repositoryURL = "https://github.com/firebase/firebase-ios-sdk";
			requirement = {
				kind = upToNextMajorVersion;
				minimumVersion = 8.0.0;
			};
		};
/* End XCRemoteSwiftPackageReference section */
	};
	rootObject = 26800F7B27A489920049C2DC /* Project object */;
}
